
Microsoft Visual Studio Solution File, Format Version 12.00
# Visual Studio Version 16
VisualStudioVersion = 16.0.29306.81
MinimumVisualStudioVersion = 10.0.40219.1
Project("{FAE04EC0-301F-11D3-BF4B-00C04F79EFBC}") = "Vertica", "Vertica\Vertica.csproj", "{4D0F0D45-9B81-4FF4-8CC4-46F05D375182}"
EndProject
Global
	GlobalSection(SolutionConfigurationPlatforms) = preSolution
		Debug|Any CPU = Debug|Any CPU
		Release|Any CPU = Release|Any CPU
	EndGlobalSection
	GlobalSection(ProjectConfigurationPlatforms) = postSolution
		{4D0F0D45-9B81-4FF4-8CC4-46F05D375182}.Debug|Any CPU.ActiveCfg = Debug|Any CPU
		{4D0F0D45-9B81-4FF4-8CC4-46F05D375182}.Debug|Any CPU.Build.0 = Debug|Any CPU
		{4D0F0D45-9B81-4FF4-8CC4-46F05D375182}.Release|Any CPU.ActiveCfg = Release|Any CPU
		{4D0F0D45-9B81-4FF4-8CC4-46F05D375182}.Release|Any CPU.Build.0 = Release|Any CPU
	EndGlobalSection
	GlobalSection(SolutionProperties) = preSolution
		HideSolutionNode = FALSE
	EndGlobalSection
	GlobalSection(ExtensibilityGlobals) = postSolution
		SolutionGuid = {A9EDE199-9481-40F8-B2D4-4384F7F2AF5A}
	EndGlobalSection
EndGlobal
